<Solution>
  <Project Path="Tyuiu.kkhalid.Sprint2.Task5.V8.Lib/Tyuiu.kkhalid.Sprint2.Task5.V8.Lib.csproj" />
  <Project Path="Tyuiu.kkhalid.Sprint2.Task5.V8.Test/Tyuiu.kkhalid.Sprint2.Task5.V8.Test.csproj" />
  <Project Path="Tyuiu.kkhalid.Sprint2.Task5.V8/Tyuiu.kkhalid.Sprint2.Task5.V8.csproj" />
</Solution>
